
Microsoft Visual Studio Solution File, Format Version 12.00
# Visual Studio Version 16
VisualStudioVersion = 16.0.30907.101
MinimumVisualStudioVersion = 10.0.40219.1
Project("{FAE04EC0-301F-11D3-BF4B-00C04F79EFBC}") = "brstm-maker-site", "brstm-maker-site\brstm-maker-site.csproj", "{D76D0C34-A92E-4F0F-A76E-B99ACAF8DDED}"
EndProject
Global
	GlobalSection(SolutionConfigurationPlatforms) = preSolution
		Debug|Any CPU = Debug|Any CPU
		Release|Any CPU = Release|Any CPU
	EndGlobalSection
	GlobalSection(ProjectConfigurationPlatforms) = postSolution
		{D76D0C34-A92E-4F0F-A76E-B99ACAF8DDED}.Debug|Any CPU.ActiveCfg = Debug|Any CPU
		{D76D0C34-A92E-4F0F-A76E-B99ACAF8DDED}.Debug|Any CPU.Build.0 = Debug|Any CPU
		{D76D0C34-A92E-4F0F-A76E-B99ACAF8DDED}.Release|Any CPU.ActiveCfg = Release|Any CPU
		{D76D0C34-A92E-4F0F-A76E-B99ACAF8DDED}.Release|Any CPU.Build.0 = Release|Any CPU
	EndGlobalSection
	GlobalSection(SolutionProperties) = preSolution
		HideSolutionNode = FALSE
	EndGlobalSection
	GlobalSection(ExtensibilityGlobals) = postSolution
		SolutionGuid = {F3623059-7149-41B8-87A6-A7046DF8D4CA}
	EndGlobalSection
EndGlobal
